
Microsoft Visual Studio Solution File, Format Version 12.00
# Visual Studio 15
VisualStudioVersion = 15.0.27703.2018
MinimumVisualStudioVersion = 10.0.40219.1
Project("{FAE04EC0-301F-11D3-BF4B-00C04F79EFBC}") = "csharptest", "csharptest\csharptest.csproj", "{74B5E3A8-FAA6-47EA-B8CA-4DC57D0B4E77}"
EndProject
Global
	GlobalSection(SolutionConfigurationPlatforms) = preSolution
		Debug|Any CPU = Debug|Any CPU
		Release|Any CPU = Release|Any CPU
	EndGlobalSection
	GlobalSection(ProjectConfigurationPlatforms) = postSolution
		{74B5E3A8-FAA6-47EA-B8CA-4DC57D0B4E77}.Debug|Any CPU.ActiveCfg = Debug|Any CPU
		{74B5E3A8-FAA6-47EA-B8CA-4DC57D0B4E77}.Debug|Any CPU.Build.0 = Debug|Any CPU
		{74B5E3A8-FAA6-47EA-B8CA-4DC57D0B4E77}.Release|Any CPU.ActiveCfg = Release|Any CPU
		{74B5E3A8-FAA6-47EA-B8CA-4DC57D0B4E77}.Release|Any CPU.Build.0 = Release|Any CPU
	EndGlobalSection
	GlobalSection(SolutionProperties) = preSolution
		HideSolutionNode = FALSE
	EndGlobalSection
	GlobalSection(ExtensibilityGlobals) = postSolution
		SolutionGuid = {14C016EC-DE59-416D-BCC1-A9BE46F2922F}
	EndGlobalSection
EndGlobal
